// !$*UTF8*$!
{
	archiveVersion = 1;
	classes = {
	};
	objectVersion = 56;
	objects = {

/* Begin PBXBuildFile section */
		B672CA682A2AC523006C681D /* ApiService.swift in Sources */ = {isa = PBXBuildFile; fileRef = B672CA672A2AC523006C681D /* ApiService.swift */; };
		B687F7A12A29818B00C42DBC /* CustomTableViewCellPokemon.swift in Sources */ = {isa = PBXBuildFile; fileRef = B687F7A02A29818B00C42DBC /* CustomTableViewCellPokemon.swift */; };
		B69325992A26D04C00D8A79E /* AppDelegate.swift in Sources */ = {isa = PBXBuildFile; fileRef = B69325982A26D04C00D8A79E /* AppDelegate.swift */; };
		B693259B2A26D04C00D8A79E /* SceneDelegate.swift in Sources */ = {isa = PBXBuildFile; fileRef = B693259A2A26D04C00D8A79E /* SceneDelegate.swift */; };
		B693259D2A26D04C00D8A79E /* PokemonListViewController.swift in Sources */ = {isa = PBXBuildFile; fileRef = B693259C2A26D04C00D8A79E /* PokemonListViewController.swift */; };
		B69325A22A26D04E00D8A79E /* Assets.xcassets in Resources */ = {isa = PBXBuildFile; fileRef = B69325A12A26D04E00D8A79E /* Assets.xcassets */; };
		B69325A52A26D04E00D8A79E /* LaunchScreen.storyboard in Resources */ = {isa = PBXBuildFile; fileRef = B69325A32A26D04E00D8A79E /* LaunchScreen.storyboard */; };
		B69325B12A26D30600D8A79E /* PokemonListView.swift in Sources */ = {isa = PBXBuildFile; fileRef = B69325B02A26D30600D8A79E /* PokemonListView.swift */; };
		B69325B32A26D41900D8A79E /* PokemonListViewModel.swift in Sources */ = {isa = PBXBuildFile; fileRef = B69325B22A26D41900D8A79E /* PokemonListViewModel.swift */; };
		B69325B52A26D64B00D8A79E /* Coordinator.swift in Sources */ = {isa = PBXBuildFile; fileRef = B69325B42A26D64B00D8A79E /* Coordinator.swift */; };
		B69325B82A26E7F100D8A79E /* RequestGenerics.swift in Sources */ = {isa = PBXBuildFile; fileRef = B69325B72A26E7F100D8A79E /* RequestGenerics.swift */; };
		B69325BC2A26EAE600D8A79E /* PokemonList.swift in Sources */ = {isa = PBXBuildFile; fileRef = B69325BB2A26EAE600D8A79E /* PokemonList.swift */; };
		B69325BE2A26EB1200D8A79E /* Worker.swift in Sources */ = {isa = PBXBuildFile; fileRef = B69325BD2A26EB1200D8A79E /* Worker.swift */; };
/* End PBXBuildFile section */

/* Begin PBXFileReference section */
		B672CA672A2AC523006C681D /* ApiService.swift */ = {isa = PBXFileReference; lastKnownFileType = sourcecode.swift; path = ApiService.swift; sourceTree = "<group>"; };
		B687F7A02A29818B00C42DBC /* CustomTableViewCellPokemon.swift */ = {isa = PBXFileReference; lastKnownFileType = sourcecode.swift; path = CustomTableViewCellPokemon.swift; sourceTree = "<group>"; };
		B69325952A26D04C00D8A79E /* PokemonFull.app */ = {isa = PBXFileReference; explicitFileType = wrapper.application; includeInIndex = 0; path = PokemonFull.app; sourceTree = BUILT_PRODUCTS_DIR; };
		B69325982A26D04C00D8A79E /* AppDelegate.swift */ = {isa = PBXFileReference; lastKnownFileType = sourcecode.swift; path = AppDelegate.swift; sourceTree = "<group>"; };
		B693259A2A26D04C00D8A79E /* SceneDelegate.swift */ = {isa = PBXFileReference; lastKnownFileType = sourcecode.swift; path = SceneDelegate.swift; sourceTree = "<group>"; };
		B693259C2A26D04C00D8A79E /* PokemonListViewController.swift */ = {isa = PBXFileReference; lastKnownFileType = sourcecode.swift; path = PokemonListViewController.swift; sourceTree = "<group>"; };
		B69325A12A26D04E00D8A79E /* Assets.xcassets */ = {isa = PBXFileReference; lastKnownFileType = folder.assetcatalog; path = Assets.xcassets; sourceTree = "<group>"; };
		B69325A42A26D04E00D8A79E /* Base */ = {isa = PBXFileReference; lastKnownFileType = file.storyboard; name = Base; path = Base.lproj/LaunchScreen.storyboard; sourceTree = "<group>"; };
		B69325A62A26D04E00D8A79E /* Info.plist */ = {isa = PBXFileReference; lastKnownFileType = text.plist.xml; path = Info.plist; sourceTree = "<group>"; };
		B69325B02A26D30600D8A79E /* PokemonListView.swift */ = {isa = PBXFileReference; lastKnownFileType = sourcecode.swift; path = PokemonListView.swift; sourceTree = "<group>"; };
		B69325B22A26D41900D8A79E /* PokemonListViewModel.swift */ = {isa = PBXFileReference; lastKnownFileType = sourcecode.swift; path = PokemonListViewModel.swift; sourceTree = "<group>"; };
		B69325B42A26D64B00D8A79E /* Coordinator.swift */ = {isa = PBXFileReference; lastKnownFileType = sourcecode.swift; path = Coordinator.swift; sourceTree = "<group>"; };
		B69325B72A26E7F100D8A79E /* RequestGenerics.swift */ = {isa = PBXFileReference; lastKnownFileType = sourcecode.swift; path = RequestGenerics.swift; sourceTree = "<group>"; };
		B69325BB2A26EAE600D8A79E /* PokemonList.swift */ = {isa = PBXFileReference; lastKnownFileType = sourcecode.swift; path = PokemonList.swift; sourceTree = "<group>"; };
		B69325BD2A26EB1200D8A79E /* Worker.swift */ = {isa = PBXFileReference; lastKnownFileType = sourcecode.swift; path = Worker.swift; sourceTree = "<group>"; };
/* End PBXFileReference section */

/* Begin PBXFrameworksBuildPhase section */
		B69325922A26D04C00D8A79E /* Frameworks */ = {
			isa = PBXFrameworksBuildPhase;
			buildActionMask = 2147483647;
			files = (
			);
			runOnlyForDeploymentPostprocessing = 0;
		};
/* End PBXFrameworksBuildPhase section */

/* Begin PBXGroup section */
		B672CA662A2AC50C006C681D /* ApiService */ = {
			isa = PBXGroup;
			children = (
				B672CA672A2AC523006C681D /* ApiService.swift */,
			);
			path = ApiService;
			sourceTree = "<group>";
		};
		B687F79F2A29815100C42DBC /* CustomCell */ = {
			isa = PBXGroup;
			children = (
				B687F7A02A29818B00C42DBC /* CustomTableViewCellPokemon.swift */,
			);
			path = CustomCell;
			sourceTree = "<group>";
		};
		B693258C2A26D04C00D8A79E = {
			isa = PBXGroup;
			children = (
				B69325972A26D04C00D8A79E /* PokemonFull */,
				B69325AC2A26D25A00D8A79E /* Source */,
				B69325962A26D04C00D8A79E /* Products */,
			);
			sourceTree = "<group>";
		};
		B69325962A26D04C00D8A79E /* Products */ = {
			isa = PBXGroup;
			children = (
				B69325952A26D04C00D8A79E /* PokemonFull.app */,
			);
			name = Products;
			sourceTree = "<group>";
		};
		B69325972A26D04C00D8A79E /* PokemonFull */ = {
			isa = PBXGroup;
			children = (
				B69325982A26D04C00D8A79E /* AppDelegate.swift */,
				B693259A2A26D04C00D8A79E /* SceneDelegate.swift */,
				B69325A12A26D04E00D8A79E /* Assets.xcassets */,
				B69325A32A26D04E00D8A79E /* LaunchScreen.storyboard */,
				B69325A62A26D04E00D8A79E /* Info.plist */,
			);
			path = PokemonFull;
			sourceTree = "<group>";
		};
		B69325AC2A26D25A00D8A79E /* Source */ = {
			isa = PBXGroup;
			children = (
				B672CA662A2AC50C006C681D /* ApiService */,
				B69325AD2A26D27500D8A79E /* Controllers */,
				B69325AE2A26D27D00D8A79E /* Coordinator */,
				B69325B92A26EA7F00D8A79E /* Model */,
				B69325B62A26E7AE00D8A79E /* RequestGenerics */,
				B69325BA2A26EA8700D8A79E /* Worker */,
			);
			path = Source;
			sourceTree = "<group>";
		};
		B69325AD2A26D27500D8A79E /* Controllers */ = {
			isa = PBXGroup;
			children = (
				B687F79F2A29815100C42DBC /* CustomCell */,
				B69325AF2A26D2D100D8A79E /* PokemonList */,
			);
			path = Controllers;
			sourceTree = "<group>";
		};
		B69325AE2A26D27D00D8A79E /* Coordinator */ = {
			isa = PBXGroup;
			children = (
				B69325B42A26D64B00D8A79E /* Coordinator.swift */,
			);
			path = Coordinator;
			sourceTree = "<group>";
		};
		B69325AF2A26D2D100D8A79E /* PokemonList */ = {
			isa = PBXGroup;
			children = (
				B69325B02A26D30600D8A79E /* PokemonListView.swift */,
				B693259C2A26D04C00D8A79E /* PokemonListViewController.swift */,
				B69325B22A26D41900D8A79E /* PokemonListViewModel.swift */,
			);
			path = PokemonList;
			sourceTree = "<group>";
		};
		B69325B62A26E7AE00D8A79E /* RequestGenerics */ = {
			isa = PBXGroup;
			children = (
				B69325B72A26E7F100D8A79E /* RequestGenerics.swift */,
			);
			path = RequestGenerics;
			sourceTree = "<group>";
		};
		B69325B92A26EA7F00D8A79E /* Model */ = {
			isa = PBXGroup;
			children = (
				B69325BB2A26EAE600D8A79E /* PokemonList.swift */,
			);
			path = Model;
			sourceTree = "<group>";
		};
		B69325BA2A26EA8700D8A79E /* Worker */ = {
			isa = PBXGroup;
			children = (
				B69325BD2A26EB1200D8A79E /* Worker.swift */,
			);
			path = Worker;
			sourceTree = "<group>";
		};
/* End PBXGroup section */

/* Begin PBXNativeTarget section */
		B69325942A26D04C00D8A79E /* PokemonFull */ = {
			isa = PBXNativeTarget;
			buildConfigurationList = B69325A92A26D04E00D8A79E /* Build configuration list for PBXNativeTarget "PokemonFull" */;
			buildPhases = (
				B69325912A26D04C00D8A79E /* Sources */,
				B69325922A26D04C00D8A79E /* Frameworks */,
				B69325932A26D04C00D8A79E /* Resources */,
			);
			buildRules = (
			);
			dependencies = (
			);
			name = PokemonFull;
			productName = PokemonFull;
			productReference = B69325952A26D04C00D8A79E /* PokemonFull.app */;
			productType = "com.apple.product-type.application";
		};
/* End PBXNativeTarget section */

/* Begin PBXProject section */
		B693258D2A26D04C00D8A79E /* Project object */ = {
			isa = PBXProject;
			attributes = {
				BuildIndependentTargetsInParallel = 1;
				LastSwiftUpdateCheck = 1420;
				LastUpgradeCheck = 1420;
				TargetAttributes = {
					B69325942A26D04C00D8A79E = {
						CreatedOnToolsVersion = 14.2;
					};
				};
			};
			buildConfigurationList = B69325902A26D04C00D8A79E /* Build configuration list for PBXProject "PokemonFull" */;
			compatibilityVersion = "Xcode 14.0";
			developmentRegion = en;
			hasScannedForEncodings = 0;
			knownRegions = (
				en,
				Base,
			);
			mainGroup = B693258C2A26D04C00D8A79E;
			productRefGroup = B69325962A26D04C00D8A79E /* Products */;
			projectDirPath = "";
			projectRoot = "";
			targets = (
				B69325942A26D04C00D8A79E /* PokemonFull */,
			);
		};
/* End PBXProject section */

/* Begin PBXResourcesBuildPhase section */
		B69325932A26D04C00D8A79E /* Resources */ = {
			isa = PBXResourcesBuildPhase;
			buildActionMask = 2147483647;
			files = (
				B69325A52A26D04E00D8A79E /* LaunchScreen.storyboard in Resources */,
				B69325A22A26D04E00D8A79E /* Assets.xcassets in Resources */,
			);
			runOnlyForDeploymentPostprocessing = 0;
		};
/* End PBXResourcesBuildPhase section */

/* Begin PBXSourcesBuildPhase section */
		B69325912A26D04C00D8A79E /* Sources */ = {
			isa = PBXSourcesBuildPhase;
			buildActionMask = 2147483647;
			files = (
				B69325B12A26D30600D8A79E /* PokemonListView.swift in Sources */,
				B69325BE2A26EB1200D8A79E /* Worker.swift in Sources */,
				B69325BC2A26EAE600D8A79E /* PokemonList.swift in Sources */,
				B693259D2A26D04C00D8A79E /* PokemonListViewController.swift in Sources */,
				B687F7A12A29818B00C42DBC /* CustomTableViewCellPokemon.swift in Sources */,
				B69325B52A26D64B00D8A79E /* Coordinator.swift in Sources */,
				B672CA682A2AC523006C681D /* ApiService.swift in Sources */,
				B69325B82A26E7F100D8A79E /* RequestGenerics.swift in Sources */,
				B69325992A26D04C00D8A79E /* AppDelegate.swift in Sources */,
				B69325B32A26D41900D8A79E /* PokemonListViewModel.swift in Sources */,
				B693259B2A26D04C00D8A79E /* SceneDelegate.swift in Sources */,
			);
			runOnlyForDeploymentPostprocessing = 0;
		};
/* End PBXSourcesBuildPhase section */

/* Begin PBXVariantGroup section */
		B69325A32A26D04E00D8A79E /* LaunchScreen.storyboard */ = {
			isa = PBXVariantGroup;
			children = (
				B69325A42A26D04E00D8A79E /* Base */,
			);
			name = LaunchScreen.storyboard;
			sourceTree = "<group>";
		};
/* End PBXVariantGroup section */

/* Begin XCBuildConfiguration section */
		B69325A72A26D04E00D8A79E /* Debug */ = {
			isa = XCBuildConfiguration;
			buildSettings = {
				ALWAYS_SEARCH_USER_PATHS = NO;
				CLANG_ANALYZER_NONNULL = YES;
				CLANG_ANALYZER_NUMBER_OBJECT_CONVERSION = YES_AGGRESSIVE;
				CLANG_CXX_LANGUAGE_STANDARD = "gnu++20";
				CLANG_ENABLE_MODULES = YES;
				CLANG_ENABLE_OBJC_ARC = YES;
				CLANG_ENABLE_OBJC_WEAK = YES;
				CLANG_WARN_BLOCK_CAPTURE_AUTORELEASING = YES;
				CLANG_WARN_BOOL_CONVERSION = YES;
				CLANG_WARN_COMMA = YES;
				CLANG_WARN_CONSTANT_CONVERSION = YES;
				CLANG_WARN_DEPRECATED_OBJC_IMPLEMENTATIONS = YES;
				CLANG_WARN_DIRECT_OBJC_ISA_USAGE = YES_ERROR;
				CLANG_WARN_DOCUMENTATION_COMMENTS = YES;
				CLANG_WARN_EMPTY_BODY = YES;
				CLANG_WARN_ENUM_CONVERSION = YES;
				CLANG_WARN_INFINITE_RECURSION = YES;
				CLANG_WARN_INT_CONVERSION = YES;
				CLANG_WARN_NON_LITERAL_NULL_CONVERSION = YES;
				CLANG_WARN_OBJC_IMPLICIT_RETAIN_SELF = YES;
				CLANG_WARN_OBJC_LITERAL_CONVERSION = YES;
				CLANG_WARN_OBJC_ROOT_CLASS = YES_ERROR;
				CLANG_WARN_QUOTED_INCLUDE_IN_FRAMEWORK_HEADER = YES;
				CLANG_WARN_RANGE_LOOP_ANALYSIS = YES;
				CLANG_WARN_STRICT_PROTOTYPES = YES;
				CLANG_WARN_SUSPICIOUS_MOVE = YES;
				CLANG_WARN_UNGUARDED_AVAILABILITY = YES_AGGRESSIVE;
				CLANG_WARN_UNREACHABLE_CODE = YES;
				CLANG_WARN__DUPLICATE_METHOD_MATCH = YES;
				COPY_PHASE_STRIP = NO;
				DEBUG_INFORMATION_FORMAT = dwarf;
				ENABLE_STRICT_OBJC_MSGSEND = YES;
				ENABLE_TESTABILITY = YES;
				GCC_C_LANGUAGE_STANDARD = gnu11;
				GCC_DYNAMIC_NO_PIC = NO;
				GCC_NO_COMMON_BLOCKS = YES;
				GCC_OPTIMIZATION_LEVEL = 0;
				GCC_PREPROCESSOR_DEFINITIONS = (
					"DEBUG=1",
					"$(inherited)",
				);
				GCC_WARN_64_TO_32_BIT_CONVERSION = YES;
				GCC_WARN_ABOUT_RETURN_TYPE = YES_ERROR;
				GCC_WARN_UNDECLARED_SELECTOR = YES;
				GCC_WARN_UNINITIALIZED_AUTOS = YES_AGGRESSIVE;
				GCC_WARN_UNUSED_FUNCTION = YES;
				GCC_WARN_UNUSED_VARIABLE = YES;
				IPHONEOS_DEPLOYMENT_TARGET = 16.2;
				MTL_ENABLE_DEBUG_INFO = INCLUDE_SOURCE;
				MTL_FAST_MATH = YES;
				ONLY_ACTIVE_ARCH = YES;
				SDKROOT = iphoneos;
				SWIFT_ACTIVE_COMPILATION_CONDITIONS = DEBUG;
				SWIFT_OPTIMIZATION_LEVEL = "-Onone";
			};
			name = Debug;
		};
		B69325A82A26D04E00D8A79E /* Release */ = {
			isa = XCBuildConfiguration;
			buildSettings = {
				ALWAYS_SEARCH_USER_PATHS = NO;
				CLANG_ANALYZER_NONNULL = YES;
				CLANG_ANALYZER_NUMBER_OBJECT_CONVERSION = YES_AGGRESSIVE;
				CLANG_CXX_LANGUAGE_STANDARD = "gnu++20";
				CLANG_ENABLE_MODULES = YES;
				CLANG_ENABLE_OBJC_ARC = YES;
				CLANG_ENABLE_OBJC_WEAK = YES;
				CLANG_WARN_BLOCK_CAPTURE_AUTORELEASING = YES;
				CLANG_WARN_BOOL_CONVERSION = YES;
				CLANG_WARN_COMMA = YES;
				CLANG_WARN_CONSTANT_CONVERSION = YES;
				CLANG_WARN_DEPRECATED_OBJC_IMPLEMENTATIONS = YES;
				CLANG_WARN_DIRECT_OBJC_ISA_USAGE = YES_ERROR;
				CLANG_WARN_DOCUMENTATION_COMMENTS = YES;
				CLANG_WARN_EMPTY_BODY = YES;
				CLANG_WARN_ENUM_CONVERSION = YES;
				CLANG_WARN_INFINITE_RECURSION = YES;
				CLANG_WARN_INT_CONVERSION = YES;
				CLANG_WARN_NON_LITERAL_NULL_CONVERSION = YES;
				CLANG_WARN_OBJC_IMPLICIT_RETAIN_SELF = YES;
				CLANG_WARN_OBJC_LITERAL_CONVERSION = YES;
				CLANG_WARN_OBJC_ROOT_CLASS = YES_ERROR;
				CLANG_WARN_QUOTED_INCLUDE_IN_FRAMEWORK_HEADER = YES;
				CLANG_WARN_RANGE_LOOP_ANALYSIS = YES;
				CLANG_WARN_STRICT_PROTOTYPES = YES;
				CLANG_WARN_SUSPICIOUS_MOVE = YES;
				CLANG_WARN_UNGUARDED_AVAILABILITY = YES_AGGRESSIVE;
				CLANG_WARN_UNREACHABLE_CODE = YES;
				CLANG_WARN__DUPLICATE_METHOD_MATCH = YES;
				COPY_PHASE_STRIP = NO;
				DEBUG_INFORMATION_FORMAT = "dwarf-with-dsym";
				ENABLE_NS_ASSERTIONS = NO;
				ENABLE_STRICT_OBJC_MSGSEND = YES;
				GCC_C_LANGUAGE_STANDARD = gnu11;
				GCC_NO_COMMON_BLOCKS = YES;
				GCC_WARN_64_TO_32_BIT_CONVERSION = YES;
				GCC_WARN_ABOUT_RETURN_TYPE = YES_ERROR;
				GCC_WARN_UNDECLARED_SELECTOR = YES;
				GCC_WARN_UNINITIALIZED_AUTOS = YES_AGGRESSIVE;
				GCC_WARN_UNUSED_FUNCTION = YES;
				GCC_WARN_UNUSED_VARIABLE = YES;
				IPHONEOS_DEPLOYMENT_TARGET = 16.2;
				MTL_ENABLE_DEBUG_INFO = NO;
				MTL_FAST_MATH = YES;
				SDKROOT = iphoneos;
				SWIFT_COMPILATION_MODE = wholemodule;
				SWIFT_OPTIMIZATION_LEVEL = "-O";
				VALIDATE_PRODUCT = YES;
			};
			name = Release;
		};
		B69325AA2A26D04E00D8A79E /* Debug */ = {
			isa = XCBuildConfiguration;
			buildSettings = {
				ASSETCATALOG_COMPILER_APPICON_NAME = AppIcon;
				ASSETCATALOG_COMPILER_GLOBAL_ACCENT_COLOR_NAME = AccentColor;
				CODE_SIGN_STYLE = Automatic;
				CURRENT_PROJECT_VERSION = 1;
				GENERATE_INFOPLIST_FILE = YES;
				INFOPLIST_FILE = PokemonFull/Info.plist;
				INFOPLIST_KEY_UIApplicationSupportsIndirectInputEvents = YES;
				INFOPLIST_KEY_UILaunchStoryboardName = LaunchScreen;
				INFOPLIST_KEY_UIMainStoryboardFile = "";
				INFOPLIST_KEY_UISupportedInterfaceOrientations_iPad = "UIInterfaceOrientationPortrait UIInterfaceOrientationPortraitUpsideDown UIInterfaceOrientationLandscapeLeft UIInterfaceOrientationLandscapeRight";
				INFOPLIST_KEY_UISupportedInterfaceOrientations_iPhone = "UIInterfaceOrientationPortrait UIInterfaceOrientationLandscapeLeft UIInterfaceOrientationLandscapeRight";
				LD_RUNPATH_SEARCH_PATHS = (
					"$(inherited)",
					"@executable_path/Frameworks",
				);
				MARKETING_VERSION = 1.0;
				PRODUCT_BUNDLE_IDENTIFIER = "Rogerio-Martins.PokemonFull";
				PRODUCT_NAME = "$(TARGET_NAME)";
				SWIFT_EMIT_LOC_STRINGS = YES;
				SWIFT_VERSION = 5.0;
				TARGETED_DEVICE_FAMILY = "1,2";
			};
			name = Debug;
		};
		B69325AB2A26D04E00D8A79E /* Release */ = {
			isa = XCBuildConfiguration;
			buildSettings = {
				ASSETCATALOG_COMPILER_APPICON_NAME = AppIcon;
				ASSETCATALOG_COMPILER_GLOBAL_ACCENT_COLOR_NAME = AccentColor;
				CODE_SIGN_STYLE = Automatic;
				CURRENT_PROJECT_VERSION = 1;
				GENERATE_INFOPLIST_FILE = YES;
				INFOPLIST_FILE = PokemonFull/Info.plist;
				INFOPLIST_KEY_UIApplicationSupportsIndirectInputEvents = YES;
				INFOPLIST_KEY_UILaunchStoryboardName = LaunchScreen;
				INFOPLIST_KEY_UIMainStoryboardFile = "";
				INFOPLIST_KEY_UISupportedInterfaceOrientations_iPad = "UIInterfaceOrientationPortrait UIInterfaceOrientationPortraitUpsideDown UIInterfaceOrientationLandscapeLeft UIInterfaceOrientationLandscapeRight";
				INFOPLIST_KEY_UISupportedInterfaceOrientations_iPhone = "UIInterfaceOrientationPortrait UIInterfaceOrientationLandscapeLeft UIInterfaceOrientationLandscapeRight";
				LD_RUNPATH_SEARCH_PATHS = (
					"$(inherited)",
					"@executable_path/Frameworks",
				);
				MARKETING_VERSION = 1.0;
				PRODUCT_BUNDLE_IDENTIFIER = "Rogerio-Martins.PokemonFull";
				PRODUCT_NAME = "$(TARGET_NAME)";
				SWIFT_EMIT_LOC_STRINGS = YES;
				SWIFT_VERSION = 5.0;
				TARGETED_DEVICE_FAMILY = "1,2";
			};
			name = Release;
		};
/* End XCBuildConfiguration section */

/* Begin XCConfigurationList section */
		B69325902A26D04C00D8A79E /* Build configuration list for PBXProject "PokemonFull" */ = {
			isa = XCConfigurationList;
			buildConfigurations = (
				B69325A72A26D04E00D8A79E /* Debug */,
				B69325A82A26D04E00D8A79E /* Release */,
			);
			defaultConfigurationIsVisible = 0;
			defaultConfigurationName = Release;
		};
		B69325A92A26D04E00D8A79E /* Build configuration list for PBXNativeTarget "PokemonFull" */ = {
			isa = XCConfigurationList;
			buildConfigurations = (
				B69325AA2A26D04E00D8A79E /* Debug */,
				B69325AB2A26D04E00D8A79E /* Release */,
			);
			defaultConfigurationIsVisible = 0;
			defaultConfigurationName = Release;
		};
/* End XCConfigurationList section */
	};
	rootObject = B693258D2A26D04C00D8A79E /* Project object */;
}
